-----BEGIN ENCRYPTED PRIVATE KEY-----
MIIJrTBXBgkqhkiG9w0BBQ0wSjApBgkqhkiG9w0BBQwwHAQIhXowSahaAbYCAggA
MAwGCCqGSIb3DQIJBQAwHQYJYIZIAWUDBAEqBBBIyhOCAopmQTVkpNkf7XCFBIIJ
UP4Tk/PFIBRDvr2ZLiojinfXnOoHYAwx8Ylc9oHp7lrslUguc8bRX9/pSI1xJQSe
yOO0Y4fiyFeivb6409DDBWHtZF/5bzzZrKIRMnYooaukxWCUnev/jqGtsWSiDh4a
pnNFhBHn1ee9D7gt4PdH3D1tKrngFjbdlvQjmM2IatttBwTXHVvMfZ2Y4hEeXZMF
wyy6WYQxMxBqcMlvpZSmBOWKzZr6OXGVmetIkkiaWDJ26WP3fxZDmk9OM7reSgBf
IMsgpwZVnRmp+GVyyE6MKr5ic/K3KvAJidzlOU0OCB/I8ifKYO7xGVTQjD7c+Qs7
M1944jXmYxbvhw20R4mMc36vczbJQQJYTQBnM+JTicYmJqtXWh3bOeYhGA/m833S
Ez1IEmYe7lNIhSRntVsNQAZQBQRR7sJoAvwG5vJe4nZqFS/kUA50ogcjm9fbI7+8
KNG6laBk3svYlfUJP7+cVujlpI7GOJQVDDHgNzYaGKIr43OSx8FHWVsZZXpMG+zs
M3/mSbpK5oasUmdyCG6XKbcBEGOK2yA8MvtC5hUWavOzRsBmzZvuKsixEl/rzbks
ePSapzWrERbdP5VY1OIe4shos9+EHRbAnuoo9jPcE+hcBXqtdh6Z/04UozQw487/
eyz/FbKuIRtUAzQBfk073IG7rvxPRUkRPJ9ulozAG05k2xXFZpSgnjAhpkxyHiBH
lPMhVz9Ykg1yDJ74vAUeP0R0hvF827g/4SGBjelQvBahCqD2IQBO0jb9IljE3Wg7
/JHXUh/du7V/2/Q3KZ/4dLaHtFHx0nZSgc3KesKtssqGRwQQgGZ4pN8ORYvGy4no
XefawgMmaLrZy9q0GPeDxGWzU6t1SVRLBILO8qSqAbD8Zk5DvnX//k5fVYHpi3iQ
qEQl8Foh4vuyonw3aHsYndHLzG85qRmYMaC8dRCHFVWkKNU1Svh9WQJ7H7MxIlyh
ANImeTKY4HTof/3SRudnHV8Xrd4WTJm3YWYUyH6abwzcrpoNtO6eUlAq6Fddrplb
qYzssPDXW8C0BQ85YbVjzecJITqF352/NL6y2blxxDQZO7ykhQz3L2qAF97RUAvr
J+jnvJfBMcZnoyuJ2ruX5ui9KJn+59B9xpz7zeYEgwFhlrmbvubkUBubrlL/Jsnp
epPxRDt6zriOhWsxQlQLgB5QpLAnqZs7zuF3kU8pkehViGZBWdAWMRkpofzi9x36
HvW41ssglQ8XvwnquqlgKjZsDQV6kJCk1jeckAcBUabNe3U2h34GLYeyM4pCW2M/
gk2Ab0FsuqEKLcwD5OX1XCxbD/QlTy5WqMeXipDWkpJDm3dfViOC4jd7XV5s4dXw
1ra2KmOWShOuNE9Y/6YpX9suabDlOqtZyzR8DzTdnXz0+FHglFzPyo35Q1HsdJYE
fJH5fN01WCr5WRW0Uoir7l8G0CEA6uKNBm3cGbHl0cbtpCX6CiasIY4xmuZzl7K3
uRGkg/z3g5JC6uh9WitubaaAzfQdEPtAlcnx6qTWiUoy1ziyImzyPXZ4wnIwDKFK
W8UXdxDwmn91o+QiINg57WlN/b+KqusdhVBRtbxhJvptMn7dajwj42kSlH5MMb+4
+dfc74HfsQCfZMrA2Rk79v3i5uCLWqmhpkAmAjsUAV+QXx3EP53Tm0ureMHUdq4H
F/siI2hqgc47cd8gceBbMs5TOhhWpWRKKHhf7k7Qt8ufH06/13x67gD5JOn/Dg7X
O5dEJhlvldg1ZfZ6AeseRIBgydEO7pBPtAT7nCfYDeOHFEopaEZWA/4bit0//gNB
HGScDh3pItpSmV7FdRyVei9u/WgR1P2RVYpAn7lljE1rP7/Apgjx6mrMEb4PMwmr
VAM5ajofgiOBYpgg39mG04gE7pEWhPYMU+YYnz/hXXhtL0cSzRmy0up+IGbaP7hQ
mnRoaCxwLfDmF/plvi2+3xMAbtb0vjj2gUtK5KsuPjl0fglONc9A1R8T2VuBOx98
zAxI+xoDgU45KJLDRf6saAMooFTLeHp/PNLleE7a4VN35LZVYNuB9A58KJlY1JIs
tXY6+rqEJvhqST6F/0QDYP8CjZqAeXsvRiJsB29tsmRjoTVCUVdSjn13lkBvfRMQ
GamvU29zepw0liUMmEcZ6EY1dIssBYIVYVS8/McqykosSrIZwwADXTeZdsAO5UC4
G38lrGv6Hj5sseJV6Lw9i8QvIaBO3a17GS1NFBLreeQaXKETBB1pc++z0NXktdM4
XWZADQxVGn8Yj826qxx0gJN/+u1/f9k8wYLbUThLb6SYlD/K8O1HqKaq/SYJL85O
ON87CmMd+2OYv1gwMsTOiyCz/8T+N2pWc3gq+Vf+NR3t76cdMyHrDQ65fwfTuSXa
a0d3xozYUpxSvDH5rCW8kvra+2LFO8nZka7dIO5YYGIPWFNUm/qWGWS+/azFcIGe
8vRh+h7v9xYdV55pvRQnaQ1+rALPcMz1lUC1pkOWmtH3xl+gzX0ucJfmUxeRfCnG
NfHqDm8FluaOK69kTwWGwGL4IqYOp6CQxeqPT0SD6bSY53Sz6ivU7ai1AJQYin34
I0ci+xYLNh6ttqXZbkt+qEhC6AkxlVvtNUNwrByd9IiaA5wyQhzbhQchtJWBAolu
3GcbycXXTFPTieTs4k6zWVFXQel8YOVi4yLU5hhNm4WhoQ9U68V3gJJbn5aG1gg0
3FE29S9goc0OnWVf5mgUj/VHS6lQFf5vKVjS0hIx3H7TYm3pilbd/LssYg96jUR/
jPEzDd7XPsaHuZw9eea+FJ8rLHSFAgNfQTChXw3w5xAnJv4MrArh+wo8OxDydf1h
UyD70kc59RQFu4OujipcRzFHwQKdx4PYNNjrH7c+L/hHqt2yPVQJ/mfMoCSjsTuF
pTJAYILJFt4CACjfSlw2TL5Jh2ZOCTgl6jCN+DvHSwxdlKxe5DxnTo8k9E5dctZU
E+jXr0EF4ZdGW/IoCltUKHPngpnxvIfksYl0Iat3/b9pnZ8OoO65jBmYE/ceA+CM
W1FmQGX1YOI/s4p5MwJwpUfpG7Yzkc4Eq4Ed+plxLsfA69EuxK/+L7zdtrhq/1Lk
KGitcOoO7hoHEkxcbWiJi2+5nbbCMJDs/EI0J5inNMtSb57IsVVfdoRyiY6RTQHl
Y4Puoh7cgtTzJNWxo+HcgvJxgtYaYxHf9TdVYd0cl5m3
-----END ENCRYPTED PRIVATE KEY-----
